
Microsoft Visual Studio Solution File, Format Version 12.00
# Visual Studio Version 16
VisualStudioVersion = 16.0.31025.194
MinimumVisualStudioVersion = 10.0.40219.1
Project("{9A19103F-16F7-4668-BE54-9A1E7A4F7556}") = "Libreria_ED2", "Libreria_ED2.csproj", "{DD685A41-19A1-42A4-A982-0C1903F00352}"
EndProject
Project("{9A19103F-16F7-4668-BE54-9A1E7A4F7556}") = "ConsolaDePruebas", "..\ConsolaDePruebas\ConsolaDePruebas.csproj", "{06A317F4-E671-4FE5-BCC1-5AF566CA596E}"
EndProject
Project("{FAE04EC0-301F-11D3-BF4B-00C04F79EFBC}") = "ApiArbolB", "..\ApiArbolB\ApiArbolB.csproj", "{ED93AC90-EEB2-457C-AB15-4A697F595DBC}"
EndProject
Global
	GlobalSection(SolutionConfigurationPlatforms) = preSolution
		Debug|Any CPU = Debug|Any CPU
		Release|Any CPU = Release|Any CPU
	EndGlobalSection
	GlobalSection(ProjectConfigurationPlatforms) = postSolution
		{DD685A41-19A1-42A4-A982-0C1903F00352}.Debug|Any CPU.ActiveCfg = Debug|Any CPU
		{DD685A41-19A1-42A4-A982-0C1903F00352}.Debug|Any CPU.Build.0 = Debug|Any CPU
		{DD685A41-19A1-42A4-A982-0C1903F00352}.Release|Any CPU.ActiveCfg = Release|Any CPU
		{DD685A41-19A1-42A4-A982-0C1903F00352}.Release|Any CPU.Build.0 = Release|Any CPU
		{06A317F4-E671-4FE5-BCC1-5AF566CA596E}.Debug|Any CPU.ActiveCfg = Debug|Any CPU
		{06A317F4-E671-4FE5-BCC1-5AF566CA596E}.Debug|Any CPU.Build.0 = Debug|Any CPU
		{06A317F4-E671-4FE5-BCC1-5AF566CA596E}.Release|Any CPU.ActiveCfg = Release|Any CPU
		{06A317F4-E671-4FE5-BCC1-5AF566CA596E}.Release|Any CPU.Build.0 = Release|Any CPU
		{ED93AC90-EEB2-457C-AB15-4A697F595DBC}.Debug|Any CPU.ActiveCfg = Debug|Any CPU
		{ED93AC90-EEB2-457C-AB15-4A697F595DBC}.Debug|Any CPU.Build.0 = Debug|Any CPU
		{ED93AC90-EEB2-457C-AB15-4A697F595DBC}.Release|Any CPU.ActiveCfg = Release|Any CPU
		{ED93AC90-EEB2-457C-AB15-4A697F595DBC}.Release|Any CPU.Build.0 = Release|Any CPU
	EndGlobalSection
	GlobalSection(SolutionProperties) = preSolution
		HideSolutionNode = FALSE
	EndGlobalSection
	GlobalSection(ExtensibilityGlobals) = postSolution
		SolutionGuid = {67AA8BD6-FCC0-48EC-A93E-2F964F86B43E}
	EndGlobalSection
EndGlobal
