
Microsoft Visual Studio Solution File, Format Version 12.00
# Visual Studio Version 16
VisualStudioVersion = 16.0.31025.194
MinimumVisualStudioVersion = 10.0.40219.1
Project("{9A19103F-16F7-4668-BE54-9A1E7A4F7556}") = "Pruebas", "Pruebas.csproj", "{670455DA-4BB2-4BBC-8FE2-49BEEF884741}"
EndProject
Project("{9A19103F-16F7-4668-BE54-9A1E7A4F7556}") = "Libreria_ED2", "..\Libreria_ED2\Libreria_ED2.csproj", "{18FB1D49-2702-4352-A934-FA26ADE790C7}"
EndProject
Project("{FAE04EC0-301F-11D3-BF4B-00C04F79EFBC}") = "ApiCompresion", "..\ApiCompresion\ApiCompresion.csproj", "{C014968E-6B6C-4F2E-8354-92ACE9602A98}"
EndProject
Global
	GlobalSection(SolutionConfigurationPlatforms) = preSolution
		Debug|Any CPU = Debug|Any CPU
		Release|Any CPU = Release|Any CPU
	EndGlobalSection
	GlobalSection(ProjectConfigurationPlatforms) = postSolution
		{670455DA-4BB2-4BBC-8FE2-49BEEF884741}.Debug|Any CPU.ActiveCfg = Debug|Any CPU
		{670455DA-4BB2-4BBC-8FE2-49BEEF884741}.Debug|Any CPU.Build.0 = Debug|Any CPU
		{670455DA-4BB2-4BBC-8FE2-49BEEF884741}.Release|Any CPU.ActiveCfg = Release|Any CPU
		{670455DA-4BB2-4BBC-8FE2-49BEEF884741}.Release|Any CPU.Build.0 = Release|Any CPU
		{18FB1D49-2702-4352-A934-FA26ADE790C7}.Debug|Any CPU.ActiveCfg = Debug|Any CPU
		{18FB1D49-2702-4352-A934-FA26ADE790C7}.Debug|Any CPU.Build.0 = Debug|Any CPU
		{18FB1D49-2702-4352-A934-FA26ADE790C7}.Release|Any CPU.ActiveCfg = Release|Any CPU
		{18FB1D49-2702-4352-A934-FA26ADE790C7}.Release|Any CPU.Build.0 = Release|Any CPU
		{C014968E-6B6C-4F2E-8354-92ACE9602A98}.Debug|Any CPU.ActiveCfg = Debug|Any CPU
		{C014968E-6B6C-4F2E-8354-92ACE9602A98}.Debug|Any CPU.Build.0 = Debug|Any CPU
		{C014968E-6B6C-4F2E-8354-92ACE9602A98}.Release|Any CPU.ActiveCfg = Release|Any CPU
		{C014968E-6B6C-4F2E-8354-92ACE9602A98}.Release|Any CPU.Build.0 = Release|Any CPU
	EndGlobalSection
	GlobalSection(SolutionProperties) = preSolution
		HideSolutionNode = FALSE
	EndGlobalSection
	GlobalSection(ExtensibilityGlobals) = postSolution
		SolutionGuid = {C3FAABE7-17BB-4AEF-B3DA-EEB50F075908}
	EndGlobalSection
EndGlobal
